
Microsoft Visual Studio Solution File, Format Version 12.00
Project("{FAE04EC0-301F-11D3-BF4B-00C04F79EFBC}") = "Clase11", "Clase11\Clase11.csproj", "{06987CE4-6AE6-498C-AAAA-803A1D124206}"
EndProject
Global
	GlobalSection(SolutionConfigurationPlatforms) = preSolution
		Debug|Any CPU = Debug|Any CPU
		Release|Any CPU = Release|Any CPU
	EndGlobalSection
	GlobalSection(ProjectConfigurationPlatforms) = postSolution
		{06987CE4-6AE6-498C-AAAA-803A1D124206}.Debug|Any CPU.ActiveCfg = Debug|Any CPU
		{06987CE4-6AE6-498C-AAAA-803A1D124206}.Debug|Any CPU.Build.0 = Debug|Any CPU
		{06987CE4-6AE6-498C-AAAA-803A1D124206}.Release|Any CPU.ActiveCfg = Release|Any CPU
		{06987CE4-6AE6-498C-AAAA-803A1D124206}.Release|Any CPU.Build.0 = Release|Any CPU
	EndGlobalSection
EndGlobal
