
Microsoft Visual Studio Solution File, Format Version 12.00
Project("{FAE04EC0-301F-11D3-BF4B-00C04F79EFBC}") = "Clase8", "Clase8\Clase8.csproj", "{473E74ED-D689-4391-ACAD-19CC499A32C5}"
EndProject
Project("{FAE04EC0-301F-11D3-BF4B-00C04F79EFBC}") = "MiBiblioteca", "MiBiblioteca\MiBiblioteca.csproj", "{793F30E3-44FF-4C47-A121-A8FD406AE676}"
EndProject
Global
	GlobalSection(SolutionConfigurationPlatforms) = preSolution
		Debug|Any CPU = Debug|Any CPU
		Release|Any CPU = Release|Any CPU
	EndGlobalSection
	GlobalSection(ProjectConfigurationPlatforms) = postSolution
		{473E74ED-D689-4391-ACAD-19CC499A32C5}.Debug|Any CPU.ActiveCfg = Debug|Any CPU
		{473E74ED-D689-4391-ACAD-19CC499A32C5}.Debug|Any CPU.Build.0 = Debug|Any CPU
		{473E74ED-D689-4391-ACAD-19CC499A32C5}.Release|Any CPU.ActiveCfg = Release|Any CPU
		{473E74ED-D689-4391-ACAD-19CC499A32C5}.Release|Any CPU.Build.0 = Release|Any CPU
		{793F30E3-44FF-4C47-A121-A8FD406AE676}.Debug|Any CPU.ActiveCfg = Debug|Any CPU
		{793F30E3-44FF-4C47-A121-A8FD406AE676}.Debug|Any CPU.Build.0 = Debug|Any CPU
		{793F30E3-44FF-4C47-A121-A8FD406AE676}.Release|Any CPU.ActiveCfg = Release|Any CPU
		{793F30E3-44FF-4C47-A121-A8FD406AE676}.Release|Any CPU.Build.0 = Release|Any CPU
	EndGlobalSection
EndGlobal
